
Microsoft Visual Studio Solution File, Format Version 12.00
# Visual Studio Version 17
VisualStudioVersion = 17.9.34728.123
MinimumVisualStudioVersion = 10.0.40219.1
Project("{FAE04EC0-301F-11D3-BF4B-00C04F79EFBC}") = "APPConsumerUTNMaui", "APPConsumerUTNMaui\APPConsumerUTNMaui.csproj", "{F1255FB0-8951-4FFF-B464-0A62606D6DD0}"
EndProject
Project("{FAE04EC0-301F-11D3-BF4B-00C04F79EFBC}") = "ConsumeAPI", "ConsumeAPI\ConsumeAPI.csproj", "{FC1E6799-4768-4F41-ABF7-DECD3975D760}"
EndProject
Global
	GlobalSection(SolutionConfigurationPlatforms) = preSolution
		Debug|Any CPU = Debug|Any CPU
		Release|Any CPU = Release|Any CPU
	EndGlobalSection
	GlobalSection(ProjectConfigurationPlatforms) = postSolution
		{F1255FB0-8951-4FFF-B464-0A62606D6DD0}.Debug|Any CPU.ActiveCfg = Debug|Any CPU
		{F1255FB0-8951-4FFF-B464-0A62606D6DD0}.Debug|Any CPU.Build.0 = Debug|Any CPU
		{F1255FB0-8951-4FFF-B464-0A62606D6DD0}.Debug|Any CPU.Deploy.0 = Debug|Any CPU
		{F1255FB0-8951-4FFF-B464-0A62606D6DD0}.Release|Any CPU.ActiveCfg = Release|Any CPU
		{F1255FB0-8951-4FFF-B464-0A62606D6DD0}.Release|Any CPU.Build.0 = Release|Any CPU
		{F1255FB0-8951-4FFF-B464-0A62606D6DD0}.Release|Any CPU.Deploy.0 = Release|Any CPU
		{FC1E6799-4768-4F41-ABF7-DECD3975D760}.Debug|Any CPU.ActiveCfg = Debug|Any CPU
		{FC1E6799-4768-4F41-ABF7-DECD3975D760}.Debug|Any CPU.Build.0 = Debug|Any CPU
		{FC1E6799-4768-4F41-ABF7-DECD3975D760}.Release|Any CPU.ActiveCfg = Release|Any CPU
		{FC1E6799-4768-4F41-ABF7-DECD3975D760}.Release|Any CPU.Build.0 = Release|Any CPU
	EndGlobalSection
	GlobalSection(SolutionProperties) = preSolution
		HideSolutionNode = FALSE
	EndGlobalSection
	GlobalSection(ExtensibilityGlobals) = postSolution
		SolutionGuid = {4A529479-B44E-47B5-B070-174ECA471F70}
	EndGlobalSection
EndGlobal
